
Microsoft Visual Studio Solution File, Format Version 12.00
# Visual Studio Version 17
VisualStudioVersion = 17.9.34723.18
MinimumVisualStudioVersion = 10.0.40219.1
Project("{FAE04EC0-301F-11D3-BF4B-00C04F79EFBC}") = "proekt1", "proekt1.csproj", "{F33E973C-BF18-4BFD-8551-5BD97850F541}"
EndProject
Project("{2150E333-8FDC-42A3-9474-1A3956D46DE8}") = "Solution Items", "Solution Items", "{73A8C156-D442-4DC2-8E48-6228A0E360F5}"
	ProjectSection(SolutionItems) = preProject
		.editorconfig = .editorconfig
	EndProjectSection
EndProject
Project("{2150E333-8FDC-42A3-9474-1A3956D46DE8}") = "Элементы решения", "Элементы решения", "{D00135DF-9EDA-4A3C-9091-9C5F82925A6B}"
EndProject
Global
	GlobalSection(SolutionConfigurationPlatforms) = preSolution
		Debug|Any CPU = Debug|Any CPU
		Release|Any CPU = Release|Any CPU
	EndGlobalSection
	GlobalSection(ProjectConfigurationPlatforms) = postSolution
		{F33E973C-BF18-4BFD-8551-5BD97850F541}.Debug|Any CPU.ActiveCfg = Debug|Any CPU
		{F33E973C-BF18-4BFD-8551-5BD97850F541}.Debug|Any CPU.Build.0 = Debug|Any CPU
		{F33E973C-BF18-4BFD-8551-5BD97850F541}.Release|Any CPU.ActiveCfg = Release|Any CPU
		{F33E973C-BF18-4BFD-8551-5BD97850F541}.Release|Any CPU.Build.0 = Release|Any CPU
	EndGlobalSection
	GlobalSection(SolutionProperties) = preSolution
		HideSolutionNode = FALSE
	EndGlobalSection
	GlobalSection(ExtensibilityGlobals) = postSolution
		SolutionGuid = {2C47C269-E67B-43E3-8D57-4490CE8F8CD7}
	EndGlobalSection
EndGlobal
